
Microsoft Visual Studio Solution File, Format Version 12.00
# Visual Studio Version 17
VisualStudioVersion = 17.9.34728.123
MinimumVisualStudioVersion = 10.0.40219.1
Project("{FAE04EC0-301F-11D3-BF4B-00C04F79EFBC}") = "DashBoardAnalytics", "DashBoardAnalytics\DashBoardAnalytics.csproj", "{A0C2C786-EF6A-4BAE-A150-A652F585AE05}"
EndProject
Global
	GlobalSection(SolutionConfigurationPlatforms) = preSolution
		Debug|Any CPU = Debug|Any CPU
		Release|Any CPU = Release|Any CPU
	EndGlobalSection
	GlobalSection(ProjectConfigurationPlatforms) = postSolution
		{A0C2C786-EF6A-4BAE-A150-A652F585AE05}.Debug|Any CPU.ActiveCfg = Debug|Any CPU
		{A0C2C786-EF6A-4BAE-A150-A652F585AE05}.Debug|Any CPU.Build.0 = Debug|Any CPU
		{A0C2C786-EF6A-4BAE-A150-A652F585AE05}.Release|Any CPU.ActiveCfg = Release|Any CPU
		{A0C2C786-EF6A-4BAE-A150-A652F585AE05}.Release|Any CPU.Build.0 = Release|Any CPU
	EndGlobalSection
	GlobalSection(SolutionProperties) = preSolution
		HideSolutionNode = FALSE
	EndGlobalSection
	GlobalSection(ExtensibilityGlobals) = postSolution
		SolutionGuid = {8A876FC0-60E6-4AC0-A113-162EA07B9D71}
	EndGlobalSection
EndGlobal
